
Microsoft Visual Studio Solution File, Format Version 12.00
# Visual Studio Version 17
VisualStudioVersion = 17.2.32630.192
MinimumVisualStudioVersion = 10.0.40219.1
Project("{FAE04EC0-301F-11D3-BF4B-00C04F79EFBC}") = "NMU-william", "NMU-william.csproj", "{5A4EEDB8-3B15-458C-B84D-4EFA875A4DC6}"
EndProject
Global
	GlobalSection(SolutionConfigurationPlatforms) = preSolution
		Debug|Any CPU = Debug|Any CPU
		Release|Any CPU = Release|Any CPU
	EndGlobalSection
	GlobalSection(ProjectConfigurationPlatforms) = postSolution
		{5A4EEDB8-3B15-458C-B84D-4EFA875A4DC6}.Debug|Any CPU.ActiveCfg = Debug|Any CPU
		{5A4EEDB8-3B15-458C-B84D-4EFA875A4DC6}.Debug|Any CPU.Build.0 = Debug|Any CPU
		{5A4EEDB8-3B15-458C-B84D-4EFA875A4DC6}.Release|Any CPU.ActiveCfg = Release|Any CPU
		{5A4EEDB8-3B15-458C-B84D-4EFA875A4DC6}.Release|Any CPU.Build.0 = Release|Any CPU
	EndGlobalSection
	GlobalSection(SolutionProperties) = preSolution
		HideSolutionNode = FALSE
	EndGlobalSection
	GlobalSection(ExtensibilityGlobals) = postSolution
		SolutionGuid = {8E1B8743-F67C-4525-8AA9-8DDFDA1FFEE1}
	EndGlobalSection
EndGlobal
