
Microsoft Visual Studio Solution File, Format Version 12.00
# Visual Studio Version 17
VisualStudioVersion = 17.8.34511.84
MinimumVisualStudioVersion = 10.0.40219.1
Project("{FAE04EC0-301F-11D3-BF4B-00C04F79EFBC}") = "PlaceDuMarcheFun1", "PlaceDuMarcheFun1.csproj", "{C609997D-3FAC-4164-B641-2515581946DF}"
EndProject
Global
	GlobalSection(SolutionConfigurationPlatforms) = preSolution
		Debug|Any CPU = Debug|Any CPU
		Release|Any CPU = Release|Any CPU
	EndGlobalSection
	GlobalSection(ProjectConfigurationPlatforms) = postSolution
		{C609997D-3FAC-4164-B641-2515581946DF}.Debug|Any CPU.ActiveCfg = Debug|Any CPU
		{C609997D-3FAC-4164-B641-2515581946DF}.Debug|Any CPU.Build.0 = Debug|Any CPU
		{C609997D-3FAC-4164-B641-2515581946DF}.Release|Any CPU.ActiveCfg = Release|Any CPU
		{C609997D-3FAC-4164-B641-2515581946DF}.Release|Any CPU.Build.0 = Release|Any CPU
	EndGlobalSection
	GlobalSection(SolutionProperties) = preSolution
		HideSolutionNode = FALSE
	EndGlobalSection
	GlobalSection(ExtensibilityGlobals) = postSolution
		SolutionGuid = {DB1466FD-7D64-4E11-8595-CE3341026C63}
	EndGlobalSection
EndGlobal
