
Microsoft Visual Studio Solution File, Format Version 12.00
# Visual Studio Version 17
VisualStudioVersion = 17.11.35222.181
MinimumVisualStudioVersion = 10.0.40219.1
Project("{FAE04EC0-301F-11D3-BF4B-00C04F79EFBC}") = "Rando", "Rando\Rando.csproj", "{BDD502C7-C658-4485-92A9-6E024ED3B848}"
EndProject
Global
	GlobalSection(SolutionConfigurationPlatforms) = preSolution
		Debug|Any CPU = Debug|Any CPU
		Release|Any CPU = Release|Any CPU
	EndGlobalSection
	GlobalSection(ProjectConfigurationPlatforms) = postSolution
		{BDD502C7-C658-4485-92A9-6E024ED3B848}.Debug|Any CPU.ActiveCfg = Debug|Any CPU
		{BDD502C7-C658-4485-92A9-6E024ED3B848}.Debug|Any CPU.Build.0 = Debug|Any CPU
		{BDD502C7-C658-4485-92A9-6E024ED3B848}.Release|Any CPU.ActiveCfg = Release|Any CPU
		{BDD502C7-C658-4485-92A9-6E024ED3B848}.Release|Any CPU.Build.0 = Release|Any CPU
	EndGlobalSection
	GlobalSection(SolutionProperties) = preSolution
		HideSolutionNode = FALSE
	EndGlobalSection
	GlobalSection(ExtensibilityGlobals) = postSolution
		SolutionGuid = {7D9C8C29-12EB-4D9A-9BB0-5CBC7C7509A3}
	EndGlobalSection
EndGlobal
