
Microsoft Visual Studio Solution File, Format Version 12.00
# Visual Studio Version 17
VisualStudioVersion = 17.11.35222.181
MinimumVisualStudioVersion = 10.0.40219.1
Project("{FAE04EC0-301F-11D3-BF4B-00C04F79EFBC}") = "SearchSpeed", "SearchSpeed\SearchSpeed.csproj", "{F99E17D8-25A0-47B5-9DA2-7F8CB26C2742}"
EndProject
Global
	GlobalSection(SolutionConfigurationPlatforms) = preSolution
		Debug|Any CPU = Debug|Any CPU
		Release|Any CPU = Release|Any CPU
	EndGlobalSection
	GlobalSection(ProjectConfigurationPlatforms) = postSolution
		{F99E17D8-25A0-47B5-9DA2-7F8CB26C2742}.Debug|Any CPU.ActiveCfg = Debug|Any CPU
		{F99E17D8-25A0-47B5-9DA2-7F8CB26C2742}.Debug|Any CPU.Build.0 = Debug|Any CPU
		{F99E17D8-25A0-47B5-9DA2-7F8CB26C2742}.Release|Any CPU.ActiveCfg = Release|Any CPU
		{F99E17D8-25A0-47B5-9DA2-7F8CB26C2742}.Release|Any CPU.Build.0 = Release|Any CPU
	EndGlobalSection
	GlobalSection(SolutionProperties) = preSolution
		HideSolutionNode = FALSE
	EndGlobalSection
	GlobalSection(ExtensibilityGlobals) = postSolution
		SolutionGuid = {8DD9E106-E830-4676-980B-D0C3AF82D1CF}
	EndGlobalSection
EndGlobal
